
Microsoft Visual Studio Solution File, Format Version 11.00
# Visual Studio 2010
Project("{FAE04EC0-301F-11D3-BF4B-00C04F79EFBC}") = "Hit The Ball Not The Pin", "Assembly-CSharp.csproj", "{D701DBC6-C006-D837-23E7-A1B6DC290FC7}"
EndProject
Global
	GlobalSection(SolutionConfigurationPlatforms) = preSolution
		Debug|Any CPU = Debug|Any CPU
		Release|Any CPU = Release|Any CPU
	EndGlobalSection
	GlobalSection(ProjectConfigurationPlatforms) = postSolution
		{D701DBC6-C006-D837-23E7-A1B6DC290FC7}.Debug|Any CPU.ActiveCfg = Debug|Any CPU
		{D701DBC6-C006-D837-23E7-A1B6DC290FC7}.Debug|Any CPU.Build.0 = Debug|Any CPU
		{D701DBC6-C006-D837-23E7-A1B6DC290FC7}.Release|Any CPU.ActiveCfg = Release|Any CPU
		{D701DBC6-C006-D837-23E7-A1B6DC290FC7}.Release|Any CPU.Build.0 = Release|Any CPU
	EndGlobalSection
	GlobalSection(SolutionProperties) = preSolution
		HideSolutionNode = FALSE
	EndGlobalSection
	GlobalSection(MonoDevelopProperties) = preSolution
		StartupItem = Assembly-CSharp.csproj
	EndGlobalSection
EndGlobal
